
Microsoft Visual Studio Solution File, Format Version 12.00
# Visual Studio Version 17
VisualStudioVersion = 17.5.33424.131
MinimumVisualStudioVersion = 10.0.40219.1
Project("{FAE04EC0-301F-11D3-BF4B-00C04F79EFBC}") = "FeliCa-IDm-Reader", "FeliCa-IDm-Reader\FeliCa-IDm-Reader.csproj", "{06C6988F-CC98-40A9-A53F-639E0DF4155B}"
EndProject
Global
	GlobalSection(SolutionConfigurationPlatforms) = preSolution
		Debug|Any CPU = Debug|Any CPU
		Release|Any CPU = Release|Any CPU
	EndGlobalSection
	GlobalSection(ProjectConfigurationPlatforms) = postSolution
		{06C6988F-CC98-40A9-A53F-639E0DF4155B}.Debug|Any CPU.ActiveCfg = Debug|Any CPU
		{06C6988F-CC98-40A9-A53F-639E0DF4155B}.Debug|Any CPU.Build.0 = Debug|Any CPU
		{06C6988F-CC98-40A9-A53F-639E0DF4155B}.Release|Any CPU.ActiveCfg = Release|Any CPU
		{06C6988F-CC98-40A9-A53F-639E0DF4155B}.Release|Any CPU.Build.0 = Release|Any CPU
	EndGlobalSection
	GlobalSection(SolutionProperties) = preSolution
		HideSolutionNode = FALSE
	EndGlobalSection
	GlobalSection(ExtensibilityGlobals) = postSolution
		SolutionGuid = {B416BA8E-86E0-417A-8D5E-E9D93EEB99B8}
	EndGlobalSection
EndGlobal
